
Microsoft Visual Studio Solution File, Format Version 12.00
# Visual Studio Version 16
VisualStudioVersion = 16.0.29020.237
MinimumVisualStudioVersion = 10.0.40219.1
Project("{FAE04EC0-301F-11D3-BF4B-00C04F79EFBC}") = "Source Stalker", "Source Stalker\Source Stalker.csproj", "{8D7AAB55-43DA-4DB1-AC86-80AA8C92598F}"
EndProject
Project("{FAE04EC0-301F-11D3-BF4B-00C04F79EFBC}") = "QueryLib", "QueryLib\QueryLib.csproj", "{91927B85-B281-4FB8-A9EA-6739B9DE8283}"
EndProject
Project("{FAE04EC0-301F-11D3-BF4B-00C04F79EFBC}") = "QueryTest", "QueryTest\QueryTest.csproj", "{FAEC1B40-D448-4FFC-962C-52F7AB62567A}"
EndProject
Project("{FAE04EC0-301F-11D3-BF4B-00C04F79EFBC}") = "Predownloader", "Predownloader\Predownloader.csproj", "{FE79C0FE-4B33-4780-BFDE-207C307E76BC}"
EndProject
Global
	GlobalSection(SolutionConfigurationPlatforms) = preSolution
		Debug|Any CPU = Debug|Any CPU
		Release|Any CPU = Release|Any CPU
	EndGlobalSection
	GlobalSection(ProjectConfigurationPlatforms) = postSolution
		{8D7AAB55-43DA-4DB1-AC86-80AA8C92598F}.Debug|Any CPU.ActiveCfg = Debug|Any CPU
		{8D7AAB55-43DA-4DB1-AC86-80AA8C92598F}.Debug|Any CPU.Build.0 = Debug|Any CPU
		{8D7AAB55-43DA-4DB1-AC86-80AA8C92598F}.Release|Any CPU.ActiveCfg = Release|Any CPU
		{8D7AAB55-43DA-4DB1-AC86-80AA8C92598F}.Release|Any CPU.Build.0 = Release|Any CPU
		{91927B85-B281-4FB8-A9EA-6739B9DE8283}.Debug|Any CPU.ActiveCfg = Debug|Any CPU
		{91927B85-B281-4FB8-A9EA-6739B9DE8283}.Debug|Any CPU.Build.0 = Debug|Any CPU
		{91927B85-B281-4FB8-A9EA-6739B9DE8283}.Release|Any CPU.ActiveCfg = Release|Any CPU
		{91927B85-B281-4FB8-A9EA-6739B9DE8283}.Release|Any CPU.Build.0 = Release|Any CPU
		{FAEC1B40-D448-4FFC-962C-52F7AB62567A}.Debug|Any CPU.ActiveCfg = Debug|Any CPU
		{FAEC1B40-D448-4FFC-962C-52F7AB62567A}.Debug|Any CPU.Build.0 = Debug|Any CPU
		{FAEC1B40-D448-4FFC-962C-52F7AB62567A}.Release|Any CPU.ActiveCfg = Release|Any CPU
		{FAEC1B40-D448-4FFC-962C-52F7AB62567A}.Release|Any CPU.Build.0 = Release|Any CPU
		{FE79C0FE-4B33-4780-BFDE-207C307E76BC}.Debug|Any CPU.ActiveCfg = Debug|Any CPU
		{FE79C0FE-4B33-4780-BFDE-207C307E76BC}.Debug|Any CPU.Build.0 = Debug|Any CPU
		{FE79C0FE-4B33-4780-BFDE-207C307E76BC}.Release|Any CPU.ActiveCfg = Release|Any CPU
		{FE79C0FE-4B33-4780-BFDE-207C307E76BC}.Release|Any CPU.Build.0 = Release|Any CPU
	EndGlobalSection
	GlobalSection(SolutionProperties) = preSolution
		HideSolutionNode = FALSE
	EndGlobalSection
	GlobalSection(ExtensibilityGlobals) = postSolution
		SolutionGuid = {4AE35C82-5135-4825-8547-96703383E4DC}
	EndGlobalSection
EndGlobal
